// !$*UTF8*$!
{
	archiveVersion = 1;
	classes = {
	};
	objectVersion = 46;
	objects = {

/* Begin PBXBuildFile section */
		D2224AB01767616900CE2879 /* UIKit.framework in Frameworks */ = {isa = PBXBuildFile; fileRef = D2224AAF1767616900CE2879 /* UIKit.framework */; };
		D2224AB21767616900CE2879 /* Foundation.framework in Frameworks */ = {isa = PBXBuildFile; fileRef = D2224AB11767616900CE2879 /* Foundation.framework */; };
		D2224AB41767616900CE2879 /* CoreGraphics.framework in Frameworks */ = {isa = PBXBuildFile; fileRef = D2224AB31767616900CE2879 /* CoreGraphics.framework */; };
		D2224ABA1767616900CE2879 /* InfoPlist.strings in Resources */ = {isa = PBXBuildFile; fileRef = D2224AB81767616900CE2879 /* InfoPlist.strings */; };
		D2224ABC1767616900CE2879 /* main.m in Sources */ = {isa = PBXBuildFile; fileRef = D2224ABB1767616900CE2879 /* main.m */; };
		D2224AC01767616900CE2879 /* AppDelegate.m in Sources */ = {isa = PBXBuildFile; fileRef = D2224ABF1767616900CE2879 /* AppDelegate.m */; };
		D2224AC21767616900CE2879 /* Default.png in Resources */ = {isa = PBXBuildFile; fileRef = D2224AC11767616900CE2879 /* Default.png */; };
		D2224AC41767616900CE2879 /* Default@2x.png in Resources */ = {isa = PBXBuildFile; fileRef = D2224AC31767616900CE2879 /* Default@2x.png */; };
		D2224AC61767616900CE2879 /* Default-568h@2x.png in Resources */ = {isa = PBXBuildFile; fileRef = D2224AC51767616900CE2879 /* Default-568h@2x.png */; };
		D2224AC91767616900CE2879 /* MainStoryboard.storyboard in Resources */ = {isa = PBXBuildFile; fileRef = D2224AC71767616900CE2879 /* MainStoryboard.storyboard */; };
		D2224ACC1767616900CE2879 /* ViewController.m in Sources */ = {isa = PBXBuildFile; fileRef = D2224ACB1767616900CE2879 /* ViewController.m */; };
/* End PBXBuildFile section */

/* Begin PBXFileReference section */
		D2224AAC1767616900CE2879 /* GitHubTest.app */ = {isa = PBXFileReference; explicitFileType = wrapper.application; includeInIndex = 0; path = GitHubTest.app; sourceTree = BUILT_PRODUCTS_DIR; };
		D2224AAF1767616900CE2879 /* UIKit.framework */ = {isa = PBXFileReference; lastKnownFileType = wrapper.framework; name = UIKit.framework; path = System/Library/Frameworks/UIKit.framework; sourceTree = SDKROOT; };
		D2224AB11767616900CE2879 /* Foundation.framework */ = {isa = PBXFileReference; lastKnownFileType = wrapper.framework; name = Foundation.framework; path = System/Library/Frameworks/Foundation.framework; sourceTree = SDKROOT; };
		D2224AB31767616900CE2879 /* CoreGraphics.framework */ = {isa = PBXFileReference; lastKnownFileType = wrapper.framework; name = CoreGraphics.framework; path = System/Library/Frameworks/CoreGraphics.framework; sourceTree = SDKROOT; };
		D2224AB71767616900CE2879 /* GitHubTest-Info.plist */ = {isa = PBXFileReference; lastKnownFileType = text.plist.xml; path = "GitHubTest-Info.plist"; sourceTree = "<group>"; };
		D2224AB91767616900CE2879 /* en */ = {isa = PBXFileReference; lastKnownFileType = text.plist.strings; name = en; path = en.lproj/InfoPlist.strings; sourceTree = "<group>"; };
		D2224ABB1767616900CE2879 /* main.m */ = {isa = PBXFileReference; lastKnownFileType = sourcecode.c.objc; path = main.m; sourceTree = "<group>"; };
		D2224ABD1767616900CE2879 /* GitHubTest-Prefix.pch */ = {isa = PBXFileReference; lastKnownFileType = sourcecode.c.h; path = "GitHubTest-Prefix.pch"; sourceTree = "<group>"; };
		D2224ABE1767616900CE2879 /* AppDelegate.h */ = {isa = PBXFileReference; lastKnownFileType = sourcecode.c.h; path = AppDelegate.h; sourceTree = "<group>"; };
		D2224ABF1767616900CE2879 /* AppDelegate.m */ = {isa = PBXFileReference; lastKnownFileType = sourcecode.c.objc; path = AppDelegate.m; sourceTree = "<group>"; };
		D2224AC11767616900CE2879 /* Default.png */ = {isa = PBXFileReference; lastKnownFileType = image.png; path = Default.png; sourceTree = "<group>"; };
		D2224AC31767616900CE2879 /* Default@2x.png */ = {isa = PBXFileReference; lastKnownFileType = image.png; path = "Default@2x.png"; sourceTree = "<group>"; };
		D2224AC51767616900CE2879 /* Default-568h@2x.png */ = {isa = PBXFileReference; lastKnownFileType = image.png; path = "Default-568h@2x.png"; sourceTree = "<group>"; };
		D2224AC81767616900CE2879 /* en */ = {isa = PBXFileReference; lastKnownFileType = file.storyboard; name = en; path = en.lproj/MainStoryboard.storyboard; sourceTree = "<group>"; };
		D2224ACA1767616900CE2879 /* ViewController.h */ = {isa = PBXFileReference; lastKnownFileType = sourcecode.c.h; path = ViewController.h; sourceTree = "<group>"; };
		D2224ACB1767616900CE2879 /* ViewController.m */ = {isa = PBXFileReference; lastKnownFileType = sourcecode.c.objc; path = ViewController.m; sourceTree = "<group>"; };
/* End PBXFileReference section */

/* Begin PBXFrameworksBuildPhase section */
		D2224AA91767616900CE2879 /* Frameworks */ = {
			isa = PBXFrameworksBuildPhase;
			buildActionMask = 2147483647;
			files = (
				D2224AB01767616900CE2879 /* UIKit.framework in Frameworks */,
				D2224AB21767616900CE2879 /* Foundation.framework in Frameworks */,
				D2224AB41767616900CE2879 /* CoreGraphics.framework in Frameworks */,
			);
			runOnlyForDeploymentPostprocessing = 0;
		};
/* End PBXFrameworksBuildPhase section */

/* Begin PBXGroup section */
		D2224AA31767616900CE2879 = {
			isa = PBXGroup;
			children = (
				D2224AB51767616900CE2879 /* GitHubTest */,
				D2224AAE1767616900CE2879 /* Frameworks */,
				D2224AAD1767616900CE2879 /* Products */,
			);
			sourceTree = "<group>";
		};
		D2224AAD1767616900CE2879 /* Products */ = {
			isa = PBXGroup;
			children = (
				D2224AAC1767616900CE2879 /* GitHubTest.app */,
			);
			name = Products;
			sourceTree = "<group>";
		};
		D2224AAE1767616900CE2879 /* Frameworks */ = {
			isa = PBXGroup;
			children = (
				D2224AAF1767616900CE2879 /* UIKit.framework */,
				D2224AB11767616900CE2879 /* Foundation.framework */,
				D2224AB31767616900CE2879 /* CoreGraphics.framework */,
			);
			name = Frameworks;
			sourceTree = "<group>";
		};
		D2224AB51767616900CE2879 /* GitHubTest */ = {
			isa = PBXGroup;
			children = (
				D2224ABE1767616900CE2879 /* AppDelegate.h */,
				D2224ABF1767616900CE2879 /* AppDelegate.m */,
				D2224AC71767616900CE2879 /* MainStoryboard.storyboard */,
				D2224ACA1767616900CE2879 /* ViewController.h */,
				D2224ACB1767616900CE2879 /* ViewController.m */,
				D2224AB61767616900CE2879 /* Supporting Files */,
			);
			path = GitHubTest;
			sourceTree = "<group>";
		};
		D2224AB61767616900CE2879 /* Supporting Files */ = {
			isa = PBXGroup;
			children = (
				D2224AB71767616900CE2879 /* GitHubTest-Info.plist */,
				D2224AB81767616900CE2879 /* InfoPlist.strings */,
				D2224ABB1767616900CE2879 /* main.m */,
				D2224ABD1767616900CE2879 /* GitHubTest-Prefix.pch */,
				D2224AC11767616900CE2879 /* Default.png */,
				D2224AC31767616900CE2879 /* Default@2x.png */,
				D2224AC51767616900CE2879 /* Default-568h@2x.png */,
			);
			name = "Supporting Files";
			sourceTree = "<group>";
		};
/* End PBXGroup section */

/* Begin PBXNativeTarget section */
		D2224AAB1767616900CE2879 /* GitHubTest */ = {
			isa = PBXNativeTarget;
			buildConfigurationList = D2224ACF1767616900CE2879 /* Build configuration list for PBXNativeTarget "GitHubTest" */;
			buildPhases = (
				D2224AA81767616900CE2879 /* Sources */,
				D2224AA91767616900CE2879 /* Frameworks */,
				D2224AAA1767616900CE2879 /* Resources */,
			);
			buildRules = (
			);
			dependencies = (
			);
			name = GitHubTest;
			productName = GitHubTest;
			productReference = D2224AAC1767616900CE2879 /* GitHubTest.app */;
			productType = "com.apple.product-type.application";
		};
/* End PBXNativeTarget section */

/* Begin PBXProject section */
		D2224AA41767616900CE2879 /* Project object */ = {
			isa = PBXProject;
			attributes = {
				LastUpgradeCheck = 0460;
				ORGANIZATIONNAME = "Roie Cohen - Appstein";
			};
			buildConfigurationList = D2224AA71767616900CE2879 /* Build configuration list for PBXProject "GitHubTest" */;
			compatibilityVersion = "Xcode 3.2";
			developmentRegion = English;
			hasScannedForEncodings = 0;
			knownRegions = (
				en,
			);
			mainGroup = D2224AA31767616900CE2879;
			productRefGroup = D2224AAD1767616900CE2879 /* Products */;
			projectDirPath = "";
			projectRoot = "";
			targets = (
				D2224AAB1767616900CE2879 /* GitHubTest */,
			);
		};
/* End PBXProject section */

/* Begin PBXResourcesBuildPhase section */
		D2224AAA1767616900CE2879 /* Resources */ = {
			isa = PBXResourcesBuildPhase;
			buildActionMask = 2147483647;
			files = (
				D2224ABA1767616900CE2879 /* InfoPlist.strings in Resources */,
				D2224AC21767616900CE2879 /* Default.png in Resources */,
				D2224AC41767616900CE2879 /* Default@2x.png in Resources */,
				D2224AC61767616900CE2879 /* Default-568h@2x.png in Resources */,
				D2224AC91767616900CE2879 /* MainStoryboard.storyboard in Resources */,
			);
			runOnlyForDeploymentPostprocessing = 0;
		};
/* End PBXResourcesBuildPhase section */

/* Begin PBXSourcesBuildPhase section */
		D2224AA81767616900CE2879 /* Sources */ = {
			isa = PBXSourcesBuildPhase;
			buildActionMask = 2147483647;
			files = (
				D2224ABC1767616900CE2879 /* main.m in Sources */,
				D2224AC01767616900CE2879 /* AppDelegate.m in Sources */,
				D2224ACC1767616900CE2879 /* ViewController.m in Sources */,
			);
			runOnlyForDeploymentPostprocessing = 0;
		};
/* End PBXSourcesBuildPhase section */

/* Begin PBXVariantGroup section */
		D2224AB81767616900CE2879 /* InfoPlist.strings */ = {
			isa = PBXVariantGroup;
			children = (
				D2224AB91767616900CE2879 /* en */,
			);
			name = InfoPlist.strings;
			sourceTree = "<group>";
		};
		D2224AC71767616900CE2879 /* MainStoryboard.storyboard */ = {
			isa = PBXVariantGroup;
			children = (
				D2224AC81767616900CE2879 /* en */,
			);
			name = MainStoryboard.storyboard;
			sourceTree = "<group>";
		};
/* End PBXVariantGroup section */

/* Begin XCBuildConfiguration section */
		D2224ACD1767616900CE2879 /* Debug */ = {
			isa = XCBuildConfiguration;
			buildSettings = {
				ALWAYS_SEARCH_USER_PATHS = NO;
				CLANG_CXX_LANGUAGE_STANDARD = "gnu++0x";
				CLANG_CXX_LIBRARY = "libc++";
				CLANG_ENABLE_OBJC_ARC = YES;
				CLANG_WARN_CONSTANT_CONVERSION = YES;
				CLANG_WARN_EMPTY_BODY = YES;
				CLANG_WARN_ENUM_CONVERSION = YES;
				CLANG_WARN_INT_CONVERSION = YES;
				CLANG_WARN__DUPLICATE_METHOD_MATCH = YES;
				"CODE_SIGN_IDENTITY[sdk=iphoneos*]" = "iPhone Developer";
				COPY_PHASE_STRIP = NO;
				GCC_C_LANGUAGE_STANDARD = gnu99;
				GCC_DYNAMIC_NO_PIC = NO;
				GCC_OPTIMIZATION_LEVEL = 0;
				GCC_PREPROCESSOR_DEFINITIONS = (
					"DEBUG=1",
					"$(inherited)",
				);
				GCC_SYMBOLS_PRIVATE_EXTERN = NO;
				GCC_WARN_ABOUT_RETURN_TYPE = YES;
				GCC_WARN_UNINITIALIZED_AUTOS = YES;
				GCC_WARN_UNUSED_VARIABLE = YES;
				IPHONEOS_DEPLOYMENT_TARGET = 6.1;
				ONLY_ACTIVE_ARCH = YES;
				SDKROOT = iphoneos;
			};
			name = Debug;
		};
		D2224ACE1767616900CE2879 /* Release */ = {
			isa = XCBuildConfiguration;
			buildSettings = {
				ALWAYS_SEARCH_USER_PATHS = NO;
				CLANG_CXX_LANGUAGE_STANDARD = "gnu++0x";
				CLANG_CXX_LIBRARY = "libc++";
				CLANG_ENABLE_OBJC_ARC = YES;
				CLANG_WARN_CONSTANT_CONVERSION = YES;
				CLANG_WARN_EMPTY_BODY = YES;
				CLANG_WARN_ENUM_CONVERSION = YES;
				CLANG_WARN_INT_CONVERSION = YES;
				CLANG_WARN__DUPLICATE_METHOD_MATCH = YES;
				"CODE_SIGN_IDENTITY[sdk=iphoneos*]" = "iPhone Developer";
				COPY_PHASE_STRIP = YES;
				GCC_C_LANGUAGE_STANDARD = gnu99;
				GCC_WARN_ABOUT_RETURN_TYPE = YES;
				GCC_WARN_UNINITIALIZED_AUTOS = YES;
				GCC_WARN_UNUSED_VARIABLE = YES;
				IPHONEOS_DEPLOYMENT_TARGET = 6.1;
				OTHER_CFLAGS = "-DNS_BLOCK_ASSERTIONS=1";
				SDKROOT = iphoneos;
				VALIDATE_PRODUCT = YES;
			};
			name = Release;
		};
		D2224AD01767616900CE2879 /* Debug */ = {
			isa = XCBuildConfiguration;
			buildSettings = {
				GCC_PRECOMPILE_PREFIX_HEADER = YES;
				GCC_PREFIX_HEADER = "GitHubTest/GitHubTest-Prefix.pch";
				INFOPLIST_FILE = "GitHubTest/GitHubTest-Info.plist";
				PRODUCT_NAME = "$(TARGET_NAME)";
				WRAPPER_EXTENSION = app;
			};
			name = Debug;
		};
		D2224AD11767616900CE2879 /* Release */ = {
			isa = XCBuildConfiguration;
			buildSettings = {
				GCC_PRECOMPILE_PREFIX_HEADER = YES;
				GCC_PREFIX_HEADER = "GitHubTest/GitHubTest-Prefix.pch";
				INFOPLIST_FILE = "GitHubTest/GitHubTest-Info.plist";
				PRODUCT_NAME = "$(TARGET_NAME)";
				WRAPPER_EXTENSION = app;
			};
			name = Release;
		};
/* End XCBuildConfiguration section */

/* Begin XCConfigurationList section */
		D2224AA71767616900CE2879 /* Build configuration list for PBXProject "GitHubTest" */ = {
			isa = XCConfigurationList;
			buildConfigurations = (
				D2224ACD1767616900CE2879 /* Debug */,
				D2224ACE1767616900CE2879 /* Release */,
			);
			defaultConfigurationIsVisible = 0;
			defaultConfigurationName = Release;
		};
		D2224ACF1767616900CE2879 /* Build configuration list for PBXNativeTarget "GitHubTest" */ = {
			isa = XCConfigurationList;
			buildConfigurations = (
				D2224AD01767616900CE2879 /* Debug */,
				D2224AD11767616900CE2879 /* Release */,
			);
			defaultConfigurationIsVisible = 0;
		};
/* End XCConfigurationList section */
	};
	rootObject = D2224AA41767616900CE2879 /* Project object */;
}
